// !$*UTF8*$!
{
	archiveVersion = 1;
	classes = {
	};
	objectVersion = 55;
	objects = {

/* Begin PBXBuildFile section */
		1C1BB5822D3229AC00562892 /* ContactAddressRow.swift in Sources */ = {isa = PBXBuildFile; fileRef = 1C1BB5812D3229A400562892 /* ContactAddressRow.swift */; };
		1C6935292D46CC2C001D42D9 /* MainView.swift in Sources */ = {isa = PBXBuildFile; fileRef = 1C6935282D46CC2C001D42D9 /* MainView.swift */; };
		1C69352B2D46CDC3001D42D9 /* RequestAccessButton.swift in Sources */ = {isa = PBXBuildFile; fileRef = 1C69352A2D46CDC3001D42D9 /* RequestAccessButton.swift */; };
		1C69352E2D46CF1F001D42D9 /* AppSettingsLink.swift in Sources */ = {isa = PBXBuildFile; fileRef = 1C69352C2D46CF1F001D42D9 /* AppSettingsLink.swift */; };
		1C6935312D46D706001D42D9 /* ThumbnailImage.swift in Sources */ = {isa = PBXBuildFile; fileRef = 1C6935302D46D706001D42D9 /* ThumbnailImage.swift */; };
		1C6935332D46D729001D42D9 /* InitialsView.swift in Sources */ = {isa = PBXBuildFile; fileRef = 1C6935322D46D729001D42D9 /* InitialsView.swift */; };
		1C6935422D485C23001D42D9 /* ContentView.swift in Sources */ = {isa = PBXBuildFile; fileRef = 1C6935412D485C20001D42D9 /* ContentView.swift */; };
		216744CE267A9149000BC2BA /* ContactStoreManager.swift in Sources */ = {isa = PBXBuildFile; fileRef = 216744CD267A9149000BC2BA /* ContactStoreManager.swift */; };
		216744D3267AC489000BC2BA /* ContactAddress.swift in Sources */ = {isa = PBXBuildFile; fileRef = 216744D2267AC489000BC2BA /* ContactAddress.swift */; };
		216744D5267ACD38000BC2BA /* CNContact+Extension.swift in Sources */ = {isa = PBXBuildFile; fileRef = 216744D4267ACD38000BC2BA /* CNContact+Extension.swift */; };
		216744D7267BA32F000BC2BA /* CNPostalAddress+Extension.swift in Sources */ = {isa = PBXBuildFile; fileRef = 216744D6267BA32F000BC2BA /* CNPostalAddress+Extension.swift */; };
		219F4945267171110036675A /* ContactSearchApp.swift in Sources */ = {isa = PBXBuildFile; fileRef = 219F4944267171110036675A /* ContactSearchApp.swift */; };
		219F4947267171110036675A /* ContactAddressList.swift in Sources */ = {isa = PBXBuildFile; fileRef = 219F4946267171110036675A /* ContactAddressList.swift */; };
		219F4949267171140036675A /* Assets.xcassets in Resources */ = {isa = PBXBuildFile; fileRef = 219F4948267171140036675A /* Assets.xcassets */; };
		219F494C267171140036675A /* Preview Assets.xcassets in Resources */ = {isa = PBXBuildFile; fileRef = 219F494B267171140036675A /* Preview Assets.xcassets */; };
/* End PBXBuildFile section */

/* Begin PBXFileReference section */
		1C1BB5812D3229A400562892 /* ContactAddressRow.swift */ = {isa = PBXFileReference; lastKnownFileType = sourcecode.swift; path = ContactAddressRow.swift; sourceTree = "<group>"; };
		1C6935282D46CC2C001D42D9 /* MainView.swift */ = {isa = PBXFileReference; lastKnownFileType = sourcecode.swift; path = MainView.swift; sourceTree = "<group>"; };
		1C69352A2D46CDC3001D42D9 /* RequestAccessButton.swift */ = {isa = PBXFileReference; lastKnownFileType = sourcecode.swift; path = RequestAccessButton.swift; sourceTree = "<group>"; };
		1C69352C2D46CF1F001D42D9 /* AppSettingsLink.swift */ = {isa = PBXFileReference; lastKnownFileType = sourcecode.swift; path = AppSettingsLink.swift; sourceTree = "<group>"; };
		1C6935302D46D706001D42D9 /* ThumbnailImage.swift */ = {isa = PBXFileReference; lastKnownFileType = sourcecode.swift; path = ThumbnailImage.swift; sourceTree = "<group>"; };
		1C6935322D46D729001D42D9 /* InitialsView.swift */ = {isa = PBXFileReference; lastKnownFileType = sourcecode.swift; path = InitialsView.swift; sourceTree = "<group>"; };
		1C6935412D485C20001D42D9 /* ContentView.swift */ = {isa = PBXFileReference; lastKnownFileType = sourcecode.swift; path = ContentView.swift; sourceTree = "<group>"; };
		216744CD267A9149000BC2BA /* ContactStoreManager.swift */ = {isa = PBXFileReference; lastKnownFileType = sourcecode.swift; path = ContactStoreManager.swift; sourceTree = "<group>"; };
		216744D1267AAA60000BC2BA /* Info.plist */ = {isa = PBXFileReference; lastKnownFileType = text.plist; path = Info.plist; sourceTree = "<group>"; };
		216744D2267AC489000BC2BA /* ContactAddress.swift */ = {isa = PBXFileReference; lastKnownFileType = sourcecode.swift; path = ContactAddress.swift; sourceTree = "<group>"; };
		216744D4267ACD38000BC2BA /* CNContact+Extension.swift */ = {isa = PBXFileReference; lastKnownFileType = sourcecode.swift; path = "CNContact+Extension.swift"; sourceTree = "<group>"; };
		216744D6267BA32F000BC2BA /* CNPostalAddress+Extension.swift */ = {isa = PBXFileReference; fileEncoding = 4; lastKnownFileType = sourcecode.swift; path = "CNPostalAddress+Extension.swift"; sourceTree = "<group>"; };
		219F4941267171110036675A /* ContactSearch.app */ = {isa = PBXFileReference; explicitFileType = wrapper.application; includeInIndex = 0; path = ContactSearch.app; sourceTree = BUILT_PRODUCTS_DIR; };
		219F4944267171110036675A /* ContactSearchApp.swift */ = {isa = PBXFileReference; lastKnownFileType = sourcecode.swift; path = ContactSearchApp.swift; sourceTree = "<group>"; };
		219F4946267171110036675A /* ContactAddressList.swift */ = {isa = PBXFileReference; lastKnownFileType = sourcecode.swift; path = ContactAddressList.swift; sourceTree = "<group>"; };
		219F4948267171140036675A /* Assets.xcassets */ = {isa = PBXFileReference; lastKnownFileType = folder.assetcatalog; path = Assets.xcassets; sourceTree = "<group>"; };
		219F494B267171140036675A /* Preview Assets.xcassets */ = {isa = PBXFileReference; lastKnownFileType = folder.assetcatalog; path = "Preview Assets.xcassets"; sourceTree = "<group>"; };
/* End PBXFileReference section */

/* Begin PBXFrameworksBuildPhase section */
		219F493E267171110036675A /* Frameworks */ = {
			isa = PBXFrameworksBuildPhase;
			buildActionMask = 2147483647;
			files = (
			);
			runOnlyForDeploymentPostprocessing = 0;
		};
/* End PBXFrameworksBuildPhase section */

/* Begin PBXGroup section */
		1C6934E22D3F59FC001D42D9 /* App */ = {
			isa = PBXGroup;
			children = (
				219F4944267171110036675A /* ContactSearchApp.swift */,
			);
			path = App;
			sourceTree = "<group>";
		};
		1C6934E32D3F5A06001D42D9 /* Views */ = {
			isa = PBXGroup;
			children = (
				1C69352C2D46CF1F001D42D9 /* AppSettingsLink.swift */,
				219F4946267171110036675A /* ContactAddressList.swift */,
				1C1BB5812D3229A400562892 /* ContactAddressRow.swift */,
				1C6935412D485C20001D42D9 /* ContentView.swift */,
				1C6935322D46D729001D42D9 /* InitialsView.swift */,
				1C6935282D46CC2C001D42D9 /* MainView.swift */,
				1C69352A2D46CDC3001D42D9 /* RequestAccessButton.swift */,
				1C6935302D46D706001D42D9 /* ThumbnailImage.swift */,
			);
			path = Views;
			sourceTree = "<group>";
		};
		1C6934E42D3F5A18001D42D9 /* Models */ = {
			isa = PBXGroup;
			children = (
				216744D2267AC489000BC2BA /* ContactAddress.swift */,
			);
			path = Models;
			sourceTree = "<group>";
		};
		1C6934E52D3F5A34001D42D9 /* Extensions */ = {
			isa = PBXGroup;
			children = (
				216744D4267ACD38000BC2BA /* CNContact+Extension.swift */,
				216744D6267BA32F000BC2BA /* CNPostalAddress+Extension.swift */,
			);
			path = Extensions;
			sourceTree = "<group>";
		};
		1C6934E62D3F5A6C001D42D9 /* ViewModels */ = {
			isa = PBXGroup;
			children = (
				216744CD267A9149000BC2BA /* ContactStoreManager.swift */,
			);
			path = ViewModels;
			sourceTree = "<group>";
		};
		219F4938267171110036675A = {
			isa = PBXGroup;
			children = (
				219F4943267171110036675A /* ContactSearch */,
				219F4942267171110036675A /* Products */,
			);
			sourceTree = "<group>";
		};
		219F4942267171110036675A /* Products */ = {
			isa = PBXGroup;
			children = (
				219F4941267171110036675A /* ContactSearch.app */,
			);
			name = Products;
			sourceTree = "<group>";
		};
		219F4943267171110036675A /* ContactSearch */ = {
			isa = PBXGroup;
			children = (
				1C6934E22D3F59FC001D42D9 /* App */,
				1C6934E52D3F5A34001D42D9 /* Extensions */,
				1C6934E42D3F5A18001D42D9 /* Models */,
				1C6934E62D3F5A6C001D42D9 /* ViewModels */,
				1C6934E32D3F5A06001D42D9 /* Views */,
				219F4948267171140036675A /* Assets.xcassets */,
				216744D1267AAA60000BC2BA /* Info.plist */,
				219F494A267171140036675A /* Preview Content */,
			);
			path = ContactSearch;
			sourceTree = "<group>";
		};
		219F494A267171140036675A /* Preview Content */ = {
			isa = PBXGroup;
			children = (
				219F494B267171140036675A /* Preview Assets.xcassets */,
			);
			path = "Preview Content";
			sourceTree = "<group>";
		};
/* End PBXGroup section */

/* Begin PBXNativeTarget section */
		219F4940267171110036675A /* ContactSearch */ = {
			isa = PBXNativeTarget;
			buildConfigurationList = 219F494F267171140036675A /* Build configuration list for PBXNativeTarget "ContactSearch" */;
			buildPhases = (
				219F493D267171110036675A /* Sources */,
				219F493E267171110036675A /* Frameworks */,
				219F493F267171110036675A /* Resources */,
			);
			buildRules = (
			);
			dependencies = (
			);
			name = ContactSearch;
			productName = ContactSearch;
			productReference = 219F4941267171110036675A /* ContactSearch.app */;
			productType = "com.apple.product-type.application";
		};
/* End PBXNativeTarget section */

/* Begin PBXProject section */
		219F4939267171110036675A /* Project object */ = {
			isa = PBXProject;
			attributes = {
				BuildIndependentTargetsInParallel = 1;
				LastSwiftUpdateCheck = 1300;
				LastUpgradeCheck = 1620;
				TargetAttributes = {
					219F4940267171110036675A = {
						CreatedOnToolsVersion = 13.0;
					};
				};
			};
			buildConfigurationList = 219F493C267171110036675A /* Build configuration list for PBXProject "ContactSearch" */;
			compatibilityVersion = "Xcode 13.0";
			developmentRegion = en;
			hasScannedForEncodings = 0;
			knownRegions = (
				en,
				Base,
			);
			mainGroup = 219F4938267171110036675A;
			productRefGroup = 219F4942267171110036675A /* Products */;
			projectDirPath = "";
			projectRoot = "";
			targets = (
				219F4940267171110036675A /* ContactSearch */,
			);
		};
/* End PBXProject section */

/* Begin PBXResourcesBuildPhase section */
		219F493F267171110036675A /* Resources */ = {
			isa = PBXResourcesBuildPhase;
			buildActionMask = 2147483647;
			files = (
				219F494C267171140036675A /* Preview Assets.xcassets in Resources */,
				219F4949267171140036675A /* Assets.xcassets in Resources */,
			);
			runOnlyForDeploymentPostprocessing = 0;
		};
/* End PBXResourcesBuildPhase section */

/* Begin PBXSourcesBuildPhase section */
		219F493D267171110036675A /* Sources */ = {
			isa = PBXSourcesBuildPhase;
			buildActionMask = 2147483647;
			files = (
				1C1BB5822D3229AC00562892 /* ContactAddressRow.swift in Sources */,
				1C6935332D46D729001D42D9 /* InitialsView.swift in Sources */,
				1C6935292D46CC2C001D42D9 /* MainView.swift in Sources */,
				1C69352E2D46CF1F001D42D9 /* AppSettingsLink.swift in Sources */,
				1C69352B2D46CDC3001D42D9 /* RequestAccessButton.swift in Sources */,
				219F4947267171110036675A /* ContactAddressList.swift in Sources */,
				216744D5267ACD38000BC2BA /* CNContact+Extension.swift in Sources */,
				216744D7267BA32F000BC2BA /* CNPostalAddress+Extension.swift in Sources */,
				216744D3267AC489000BC2BA /* ContactAddress.swift in Sources */,
				216744CE267A9149000BC2BA /* ContactStoreManager.swift in Sources */,
				1C6935422D485C23001D42D9 /* ContentView.swift in Sources */,
				1C6935312D46D706001D42D9 /* ThumbnailImage.swift in Sources */,
				219F4945267171110036675A /* ContactSearchApp.swift in Sources */,
			);
			runOnlyForDeploymentPostprocessing = 0;
		};
/* End PBXSourcesBuildPhase section */

/* Begin XCBuildConfiguration section */
		219F494D267171140036675A /* Debug */ = {
			isa = XCBuildConfiguration;
			buildSettings = {
				ALWAYS_SEARCH_USER_PATHS = NO;
				CLANG_ANALYZER_NONNULL = YES;
				CLANG_ANALYZER_NUMBER_OBJECT_CONVERSION = YES_AGGRESSIVE;
				CLANG_CXX_LANGUAGE_STANDARD = "gnu++14";
				CLANG_CXX_LIBRARY = "libc++";
				CLANG_ENABLE_MODULES = YES;
				CLANG_ENABLE_OBJC_ARC = YES;
				CLANG_ENABLE_OBJC_WEAK = YES;
				CLANG_WARN_BLOCK_CAPTURE_AUTORELEASING = YES;
				CLANG_WARN_BOOL_CONVERSION = YES;
				CLANG_WARN_COMMA = YES;
				CLANG_WARN_CONSTANT_CONVERSION = YES;
				CLANG_WARN_DEPRECATED_OBJC_IMPLEMENTATIONS = YES;
				CLANG_WARN_DIRECT_OBJC_ISA_USAGE = YES_ERROR;
				CLANG_WARN_DOCUMENTATION_COMMENTS = YES;
				CLANG_WARN_EMPTY_BODY = YES;
				CLANG_WARN_ENUM_CONVERSION = YES;
				CLANG_WARN_INFINITE_RECURSION = YES;
				CLANG_WARN_INT_CONVERSION = YES;
				CLANG_WARN_NON_LITERAL_NULL_CONVERSION = YES;
				CLANG_WARN_OBJC_IMPLICIT_RETAIN_SELF = YES;
				CLANG_WARN_OBJC_LITERAL_CONVERSION = YES;
				CLANG_WARN_OBJC_ROOT_CLASS = YES_ERROR;
				CLANG_WARN_QUOTED_INCLUDE_IN_FRAMEWORK_HEADER = YES;
				CLANG_WARN_RANGE_LOOP_ANALYSIS = YES;
				CLANG_WARN_STRICT_PROTOTYPES = YES;
				CLANG_WARN_SUSPICIOUS_MOVE = YES;
				CLANG_WARN_UNGUARDED_AVAILABILITY = YES_AGGRESSIVE;
				CLANG_WARN_UNREACHABLE_CODE = YES;
				CLANG_WARN__DUPLICATE_METHOD_MATCH = YES;
				COPY_PHASE_STRIP = NO;
				DEBUG_INFORMATION_FORMAT = dwarf;
				ENABLE_STRICT_OBJC_MSGSEND = YES;
				ENABLE_TESTABILITY = YES;
				ENABLE_USER_SCRIPT_SANDBOXING = YES;
				GCC_C_LANGUAGE_STANDARD = gnu11;
				GCC_DYNAMIC_NO_PIC = NO;
				GCC_NO_COMMON_BLOCKS = YES;
				GCC_OPTIMIZATION_LEVEL = 0;
				GCC_PREPROCESSOR_DEFINITIONS = (
					"DEBUG=1",
					"$(inherited)",
				);
				GCC_WARN_64_TO_32_BIT_CONVERSION = YES;
				GCC_WARN_ABOUT_RETURN_TYPE = YES_ERROR;
				GCC_WARN_UNDECLARED_SELECTOR = YES;
				GCC_WARN_UNINITIALIZED_AUTOS = YES_AGGRESSIVE;
				GCC_WARN_UNUSED_FUNCTION = YES;
				GCC_WARN_UNUSED_VARIABLE = YES;
				IPHONEOS_DEPLOYMENT_TARGET = 17.6;
				MTL_ENABLE_DEBUG_INFO = INCLUDE_SOURCE;
				MTL_FAST_MATH = YES;
				ONLY_ACTIVE_ARCH = YES;
				SDKROOT = iphoneos;
				SWIFT_ACTIVE_COMPILATION_CONDITIONS = DEBUG;
				SWIFT_OPTIMIZATION_LEVEL = "-Onone";
			};
			name = Debug;
		};
		219F494E267171140036675A /* Release */ = {
			isa = XCBuildConfiguration;
			buildSettings = {
				ALWAYS_SEARCH_USER_PATHS = NO;
				CLANG_ANALYZER_NONNULL = YES;
				CLANG_ANALYZER_NUMBER_OBJECT_CONVERSION = YES_AGGRESSIVE;
				CLANG_CXX_LANGUAGE_STANDARD = "gnu++14";
				CLANG_CXX_LIBRARY = "libc++";
				CLANG_ENABLE_MODULES = YES;
				CLANG_ENABLE_OBJC_ARC = YES;
				CLANG_ENABLE_OBJC_WEAK = YES;
				CLANG_WARN_BLOCK_CAPTURE_AUTORELEASING = YES;
				CLANG_WARN_BOOL_CONVERSION = YES;
				CLANG_WARN_COMMA = YES;
				CLANG_WARN_CONSTANT_CONVERSION = YES;
				CLANG_WARN_DEPRECATED_OBJC_IMPLEMENTATIONS = YES;
				CLANG_WARN_DIRECT_OBJC_ISA_USAGE = YES_ERROR;
				CLANG_WARN_DOCUMENTATION_COMMENTS = YES;
				CLANG_WARN_EMPTY_BODY = YES;
				CLANG_WARN_ENUM_CONVERSION = YES;
				CLANG_WARN_INFINITE_RECURSION = YES;
				CLANG_WARN_INT_CONVERSION = YES;
				CLANG_WARN_NON_LITERAL_NULL_CONVERSION = YES;
				CLANG_WARN_OBJC_IMPLICIT_RETAIN_SELF = YES;
				CLANG_WARN_OBJC_LITERAL_CONVERSION = YES;
				CLANG_WARN_OBJC_ROOT_CLASS = YES_ERROR;
				CLANG_WARN_QUOTED_INCLUDE_IN_FRAMEWORK_HEADER = YES;
				CLANG_WARN_RANGE_LOOP_ANALYSIS = YES;
				CLANG_WARN_STRICT_PROTOTYPES = YES;
				CLANG_WARN_SUSPICIOUS_MOVE = YES;
				CLANG_WARN_UNGUARDED_AVAILABILITY = YES_AGGRESSIVE;
				CLANG_WARN_UNREACHABLE_CODE = YES;
				CLANG_WARN__DUPLICATE_METHOD_MATCH = YES;
				COPY_PHASE_STRIP = NO;
				DEBUG_INFORMATION_FORMAT = "dwarf-with-dsym";
				ENABLE_NS_ASSERTIONS = NO;
				ENABLE_STRICT_OBJC_MSGSEND = YES;
				ENABLE_USER_SCRIPT_SANDBOXING = YES;
				GCC_C_LANGUAGE_STANDARD = gnu11;
				GCC_NO_COMMON_BLOCKS = YES;
				GCC_WARN_64_TO_32_BIT_CONVERSION = YES;
				GCC_WARN_ABOUT_RETURN_TYPE = YES_ERROR;
				GCC_WARN_UNDECLARED_SELECTOR = YES;
				GCC_WARN_UNINITIALIZED_AUTOS = YES_AGGRESSIVE;
				GCC_WARN_UNUSED_FUNCTION = YES;
				GCC_WARN_UNUSED_VARIABLE = YES;
				IPHONEOS_DEPLOYMENT_TARGET = 17.6;
				MTL_ENABLE_DEBUG_INFO = NO;
				MTL_FAST_MATH = YES;
				SDKROOT = iphoneos;
				SWIFT_COMPILATION_MODE = wholemodule;
				SWIFT_OPTIMIZATION_LEVEL = "-O";
				VALIDATE_PRODUCT = YES;
			};
			name = Release;
		};
		219F4950267171140036675A /* Debug */ = {
			isa = XCBuildConfiguration;
			buildSettings = {
				ASSETCATALOG_COMPILER_APPICON_NAME = AppIcon;
				ASSETCATALOG_COMPILER_GLOBAL_ACCENT_COLOR_NAME = AccentColor;
				CODE_SIGN_STYLE = Automatic;
				CURRENT_PROJECT_VERSION = 1;
				DEVELOPMENT_ASSET_PATHS = "\"ContactSearch/Preview Content\"";
				DEVELOPMENT_TEAM = 6YCWDV2B6A;
				ENABLE_PREVIEWS = YES;
				GENERATE_INFOPLIST_FILE = YES;
				INFOPLIST_FILE = ContactSearch/Info.plist;
				INFOPLIST_KEY_CFBundleExecutable = ContactSearch;
				INFOPLIST_KEY_CFBundleName = ContactSearch;
				INFOPLIST_KEY_CFBundleVersion = 1;
				INFOPLIST_KEY_UIApplicationSceneManifest_Generation = YES;
				INFOPLIST_KEY_UIApplicationSupportsIndirectInputEvents = YES;
				INFOPLIST_KEY_UILaunchScreen_Generation = YES;
				INFOPLIST_KEY_UISupportedInterfaceOrientations_iPad = "UIInterfaceOrientationPortrait UIInterfaceOrientationPortraitUpsideDown UIInterfaceOrientationLandscapeLeft UIInterfaceOrientationLandscapeRight";
				INFOPLIST_KEY_UISupportedInterfaceOrientations_iPhone = "UIInterfaceOrientationPortrait UIInterfaceOrientationLandscapeLeft UIInterfaceOrientationLandscapeRight";
				IPHONEOS_DEPLOYMENT_TARGET = 17.6;
				LD_RUNPATH_SEARCH_PATHS = (
					"$(inherited)",
					"@executable_path/Frameworks",
				);
				MARKETING_VERSION = 1.0;
				PRODUCT_BUNDLE_IDENTIFIER = com.shrtlist.ContactSearch;
				PRODUCT_NAME = "$(TARGET_NAME)";
				SWIFT_EMIT_LOC_STRINGS = YES;
				SWIFT_VERSION = 5.0;
				TARGETED_DEVICE_FAMILY = "1,2";
			};
			name = Debug;
		};
		219F4951267171140036675A /* Release */ = {
			isa = XCBuildConfiguration;
			buildSettings = {
				ASSETCATALOG_COMPILER_APPICON_NAME = AppIcon;
				ASSETCATALOG_COMPILER_GLOBAL_ACCENT_COLOR_NAME = AccentColor;
				CODE_SIGN_STYLE = Automatic;
				CURRENT_PROJECT_VERSION = 1;
				DEVELOPMENT_ASSET_PATHS = "\"ContactSearch/Preview Content\"";
				DEVELOPMENT_TEAM = 6YCWDV2B6A;
				ENABLE_PREVIEWS = YES;
				GENERATE_INFOPLIST_FILE = YES;
				INFOPLIST_FILE = ContactSearch/Info.plist;
				INFOPLIST_KEY_CFBundleExecutable = ContactSearch;
				INFOPLIST_KEY_CFBundleName = ContactSearch;
				INFOPLIST_KEY_CFBundleVersion = 1;
				INFOPLIST_KEY_UIApplicationSceneManifest_Generation = YES;
				INFOPLIST_KEY_UIApplicationSupportsIndirectInputEvents = YES;
				INFOPLIST_KEY_UILaunchScreen_Generation = YES;
				INFOPLIST_KEY_UISupportedInterfaceOrientations_iPad = "UIInterfaceOrientationPortrait UIInterfaceOrientationPortraitUpsideDown UIInterfaceOrientationLandscapeLeft UIInterfaceOrientationLandscapeRight";
				INFOPLIST_KEY_UISupportedInterfaceOrientations_iPhone = "UIInterfaceOrientationPortrait UIInterfaceOrientationLandscapeLeft UIInterfaceOrientationLandscapeRight";
				IPHONEOS_DEPLOYMENT_TARGET = 17.6;
				LD_RUNPATH_SEARCH_PATHS = (
					"$(inherited)",
					"@executable_path/Frameworks",
				);
				MARKETING_VERSION = 1.0;
				PRODUCT_BUNDLE_IDENTIFIER = com.shrtlist.ContactSearch;
				PRODUCT_NAME = "$(TARGET_NAME)";
				SWIFT_EMIT_LOC_STRINGS = YES;
				SWIFT_VERSION = 5.0;
				TARGETED_DEVICE_FAMILY = "1,2";
			};
			name = Release;
		};
/* End XCBuildConfiguration section */

/* Begin XCConfigurationList section */
		219F493C267171110036675A /* Build configuration list for PBXProject "ContactSearch" */ = {
			isa = XCConfigurationList;
			buildConfigurations = (
				219F494D267171140036675A /* Debug */,
				219F494E267171140036675A /* Release */,
			);
			defaultConfigurationIsVisible = 0;
			defaultConfigurationName = Release;
		};
		219F494F267171140036675A /* Build configuration list for PBXNativeTarget "ContactSearch" */ = {
			isa = XCConfigurationList;
			buildConfigurations = (
				219F4950267171140036675A /* Debug */,
				219F4951267171140036675A /* Release */,
			);
			defaultConfigurationIsVisible = 0;
			defaultConfigurationName = Release;
		};
/* End XCConfigurationList section */
	};
	rootObject = 219F4939267171110036675A /* Project object */;
}
